
Microsoft Visual Studio Solution File, Format Version 12.00
# Visual Studio Version 17
VisualStudioVersion = 17.3.32929.385
MinimumVisualStudioVersion = 10.0.40219.1
Project("{FAE04EC0-301F-11D3-BF4B-00C04F79EFBC}") = "WindowsTransporteAereo", "WindowsTransporteAereo\WindowsTransporteAereo.csproj", "{6F047587-224C-4FF3-8B13-A043FFB1C680}"
EndProject
Global
	GlobalSection(SolutionConfigurationPlatforms) = preSolution
		Debug|Any CPU = Debug|Any CPU
		Release|Any CPU = Release|Any CPU
	EndGlobalSection
	GlobalSection(ProjectConfigurationPlatforms) = postSolution
		{6F047587-224C-4FF3-8B13-A043FFB1C680}.Debug|Any CPU.ActiveCfg = Debug|Any CPU
		{6F047587-224C-4FF3-8B13-A043FFB1C680}.Debug|Any CPU.Build.0 = Debug|Any CPU
		{6F047587-224C-4FF3-8B13-A043FFB1C680}.Release|Any CPU.ActiveCfg = Release|Any CPU
		{6F047587-224C-4FF3-8B13-A043FFB1C680}.Release|Any CPU.Build.0 = Release|Any CPU
	EndGlobalSection
	GlobalSection(SolutionProperties) = preSolution
		HideSolutionNode = FALSE
	EndGlobalSection
	GlobalSection(ExtensibilityGlobals) = postSolution
		SolutionGuid = {8B1D5933-A6F4-4088-9AB9-38C938D9A5D7}
	EndGlobalSection
EndGlobal
